PODS:
  - Capacitor (6.0.0):
    - CapacitorCordova
  - CapacitorApp (6.0.0):
    - Capacitor
  - CapacitorCommunityAdmob (6.0.0):
    - Capacitor
    - Google-Mobile-Ads-SDK (= 11.3.0)
  - CapacitorCommunityFirebaseAnalytics (6.0.0):
    - Capacitor
    - FirebaseAnalytics
  - CapacitorCordova (6.0.0)
  - CapacitorDevice (6.0.0):
    - Capacitor
  - CapacitorDialog (6.0.0):
    - Capacitor
  - CapacitorPluginSafeArea (3.0.1):
    - Capacitor
  - CapacitorPushNotifications (6.0.0):
    - Capacitor
  - CapacitorShare (6.0.0):
    - Capacitor
  - CapacitorSplashScreen (6.0.0):
    - Capacitor
  - CapawesomeCapacitorAppUpdate (6.0.0):
    - Capacitor
  - CapgoInappbrowser (6.0.10):
    - Capacitor
  - FirebaseAnalytics (10.25.0):
    - FirebaseAnalytics/AdIdSupport (= 10.25.0)
    - FirebaseCore (~> 10.0)
    - FirebaseInstallations (~> 10.0)
    - GoogleUtilities/AppDelegateSwizzler (~> 7.11)
    - GoogleUtilities/MethodSwizzler (~> 7.11)
    - GoogleUtilities/Network (~> 7.11)
    - "GoogleUtilities/NSData+zlib (~> 7.11)"
    - nanopb (< 2.30911.0, >= 2.30908.0)
  - FirebaseAnalytics/AdIdSupport (10.25.0):
    - FirebaseCore (~> 10.0)
    - FirebaseInstallations (~> 10.0)
    - GoogleAppMeasurement (= 10.25.0)
    - GoogleUtilities/AppDelegateSwizzler (~> 7.11)
    - GoogleUtilities/MethodSwizzler (~> 7.11)
    - GoogleUtilities/Network (~> 7.11)
    - "GoogleUtilities/NSData+zlib (~> 7.11)"
    - nanopb (< 2.30911.0, >= 2.30908.0)
  - FirebaseCore (10.25.0):
    - FirebaseCoreInternal (~> 10.0)
    - GoogleUtilities/Environment (~> 7.12)
    - GoogleUtilities/Logger (~> 7.12)
  - FirebaseCoreInternal (10.25.0):
    - "GoogleUtilities/NSData+zlib (~> 7.8)"
  - FirebaseInstallations (10.25.0):
    - FirebaseCore (~> 10.0)
    - GoogleUtilities/Environment (~> 7.8)
    - GoogleUtilities/UserDefaults (~> 7.8)
    - PromisesObjC (~> 2.1)
  - Google-Mobile-Ads-SDK (11.3.0):
    - GoogleUserMessagingPlatform (>= 1.1)
  - GoogleAppMeasurement (10.25.0):
    - GoogleAppMeasurement/AdIdSupport (= 10.25.0)
    - GoogleUtilities/AppDelegateSwizzler (~> 7.11)
    - GoogleUtilities/MethodSwizzler (~> 7.11)
    - GoogleUtilities/Network (~> 7.11)
    - "GoogleUtilities/NSData+zlib (~> 7.11)"
    - nanopb (< 2.30911.0, >= 2.30908.0)
  - GoogleAppMeasurement/AdIdSupport (10.25.0):
    - GoogleAppMeasurement/WithoutAdIdSupport (= 10.25.0)
    - GoogleUtilities/AppDelegateSwizzler (~> 7.11)
    - GoogleUtilities/MethodSwizzler (~> 7.11)
    - GoogleUtilities/Network (~> 7.11)
    - "GoogleUtilities/NSData+zlib (~> 7.11)"
    - nanopb (< 2.30911.0, >= 2.30908.0)
  - GoogleAppMeasurement/WithoutAdIdSupport (10.25.0):
    - GoogleUtilities/AppDelegateSwizzler (~> 7.11)
    - GoogleUtilities/MethodSwizzler (~> 7.11)
    - GoogleUtilities/Network (~> 7.11)
    - "GoogleUtilities/NSData+zlib (~> 7.11)"
    - nanopb (< 2.30911.0, >= 2.30908.0)
  - GoogleUserMessagingPlatform (2.4.0)
  - GoogleUtilities/AppDelegateSwizzler (7.13.3):
    - GoogleUtilities/Environment
    - GoogleUtilities/Logger
    - GoogleUtilities/Network
    - GoogleUtilities/Privacy
  - GoogleUtilities/Environment (7.13.3):
    - GoogleUtilities/Privacy
    - PromisesObjC (< 3.0, >= 1.2)
  - GoogleUtilities/Logger (7.13.3):
    - GoogleUtilities/Environment
    - GoogleUtilities/Privacy
  - GoogleUtilities/MethodSwizzler (7.13.3):
    - GoogleUtilities/Logger
    - GoogleUtilities/Privacy
  - GoogleUtilities/Network (7.13.3):
    - GoogleUtilities/Logger
    - "GoogleUtilities/NSData+zlib"
    - GoogleUtilities/Privacy
    - GoogleUtilities/Reachability
  - "GoogleUtilities/NSData+zlib (7.13.3)":
    - GoogleUtilities/Privacy
  - GoogleUtilities/Privacy (7.13.3)
  - GoogleUtilities/Reachability (7.13.3):
    - GoogleUtilities/Logger
    - GoogleUtilities/Privacy
  - GoogleUtilities/UserDefaults (7.13.3):
    - GoogleUtilities/Logger
    - GoogleUtilities/Privacy
  - nanopb (2.30910.0):
    - nanopb/decode (= 2.30910.0)
    - nanopb/encode (= 2.30910.0)
  - nanopb/decode (2.30910.0)
  - nanopb/encode (2.30910.0)
  - PromisesObjC (2.4.0)

DEPENDENCIES:
  - "Capacitor (from `../../../../../node_modules/@capacitor/ios`)"
  - "CapacitorApp (from `../../../../../node_modules/@capacitor/app`)"
  - "CapacitorCommunityAdmob (from `../../../../../node_modules/@capacitor-community/admob`)"
  - "CapacitorCommunityFirebaseAnalytics (from `../../../../../node_modules/@capacitor-community/firebase-analytics`)"
  - "CapacitorCordova (from `../../../../../node_modules/@capacitor/ios`)"
  - "CapacitorDevice (from `../../../../../node_modules/@capacitor/device`)"
  - "CapacitorDialog (from `../../../../../node_modules/@capacitor/dialog`)"
  - CapacitorPluginSafeArea (from `../../../../../node_modules/capacitor-plugin-safe-area`)
  - "CapacitorPushNotifications (from `../../../../../node_modules/@capacitor/push-notifications`)"
  - "CapacitorShare (from `../../../../../node_modules/@capacitor/share`)"
  - "CapacitorSplashScreen (from `../../../../../node_modules/@capacitor/splash-screen`)"
  - "CapawesomeCapacitorAppUpdate (from `../../../../../node_modules/@capawesome/capacitor-app-update`)"
  - "CapgoInappbrowser (from `../../../../../node_modules/@capgo/inappbrowser`)"

SPEC REPOS:
  trunk:
    - FirebaseAnalytics
    - FirebaseCore
    - FirebaseCoreInternal
    - FirebaseInstallations
    - Google-Mobile-Ads-SDK
    - GoogleAppMeasurement
    - GoogleUserMessagingPlatform
    - GoogleUtilities
    - nanopb
    - PromisesObjC

EXTERNAL SOURCES:
  Capacitor:
    :path: "../../../../../node_modules/@capacitor/ios"
  CapacitorApp:
    :path: "../../../../../node_modules/@capacitor/app"
  CapacitorCommunityAdmob:
    :path: "../../../../../node_modules/@capacitor-community/admob"
  CapacitorCommunityFirebaseAnalytics:
    :path: "../../../../../node_modules/@capacitor-community/firebase-analytics"
  CapacitorCordova:
    :path: "../../../../../node_modules/@capacitor/ios"
  CapacitorDevice:
    :path: "../../../../../node_modules/@capacitor/device"
  CapacitorDialog:
    :path: "../../../../../node_modules/@capacitor/dialog"
  CapacitorPluginSafeArea:
    :path: "../../../../../node_modules/capacitor-plugin-safe-area"
  CapacitorPushNotifications:
    :path: "../../../../../node_modules/@capacitor/push-notifications"
  CapacitorShare:
    :path: "../../../../../node_modules/@capacitor/share"
  CapacitorSplashScreen:
    :path: "../../../../../node_modules/@capacitor/splash-screen"
  CapawesomeCapacitorAppUpdate:
    :path: "../../../../../node_modules/@capawesome/capacitor-app-update"
  CapgoInappbrowser:
    :path: "../../../../../node_modules/@capgo/inappbrowser"

SPEC CHECKSUMS:
  Capacitor: 559d073c4ca6c27f8e7002c807eea94c3ba435a9
  CapacitorApp: 9d53aec7101f7b030a950c5bdc4df8612576b279
  CapacitorCommunityAdmob: 59456f0c29033d710ef90ef81044ad0eeab3caf6
  CapacitorCommunityFirebaseAnalytics: dd31faa0a3e6f4d00624080ee5b9439b484cd092
  CapacitorCordova: 8c4bfdf69368512e85b1d8b724dd7546abeb30af
  CapacitorDevice: f8fd88f9edd1261c55a109f32015b09bbbfdc4a0
  CapacitorDialog: 64aa82840ee5e9c066f9e1a49c1e186afd3f24d2
  CapacitorPluginSafeArea: b99681e1d9986ae1c059ca0e1b5e7025916e5e04
  CapacitorPushNotifications: e18636e8a96f1d70b4c669e21c730e995bf5e5c9
  CapacitorShare: a771200d3b924a5d7ad9d9fecbac517e4c0aa74f
  CapacitorSplashScreen: 5431ab8d19c1c6e95777d53bfaa7a36a6c3d94c7
  CapawesomeCapacitorAppUpdate: 3c05b5c8e42f9c6a88d666093406e9336d9bfdb1
  CapgoInappbrowser: 759efc8e955a4300bbe9523058436b61ca48e219
  FirebaseAnalytics: ec00fe8b93b41dc6fe4a28784b8e51da0647a248
  FirebaseCore: 7ec4d0484817f12c3373955bc87762d96842d483
  FirebaseCoreInternal: 910a81992c33715fec9263ca7381d59ab3a750b7
  FirebaseInstallations: 91950fe859846fff0fbd296180909dd273103b09
  Google-Mobile-Ads-SDK: 301a16c461c331ba34ff4dab40a22ab7c147af61
  GoogleAppMeasurement: 9abf64b682732fed36da827aa2a68f0221fd2356
  GoogleUserMessagingPlatform: f131fa7978d2ba88d7426702b057c2cc318e6595
  GoogleUtilities: ea963c370a38a8069cc5f7ba4ca849a60b6d7d15
  nanopb: 438bc412db1928dac798aa6fd75726007be04262
  PromisesObjC: f5707f49cb48b9636751c5b2e7d227e43fba9f47

PODFILE CHECKSUM: 084bd81c8e41dc60b205ad21b4134f8391f61740

COCOAPODS: 1.15.2
